
Microsoft Visual Studio Solution File, Format Version 12.00
# Visual Studio Version 17
VisualStudioVersion = 17.10.35201.131
MinimumVisualStudioVersion = 10.0.40219.1
Project("{FAE04EC0-301F-11D3-BF4B-00C04F79EFBC}") = "LicenseTrack", "LicenseTrack.csproj", "{FF306975-FD7D-4A5A-960C-FFE773490E0B}"
EndProject
Project("{FAE04EC0-301F-11D3-BF4B-00C04F79EFBC}") = "BusinessLayer", "..\BusinessLayer\BusinessLayer.csproj", "{22ACD003-BCA6-4D2A-867C-0C179C2590D2}"
EndProject
Project("{FAE04EC0-301F-11D3-BF4B-00C04F79EFBC}") = "DataAccessLayer", "..\DataAccessLayer\DataAccessLayer.csproj", "{BE3F649D-A07C-4814-ABA3-36780083D0FD}"
EndProject
Global
	GlobalSection(SolutionConfigurationPlatforms) = preSolution
		Debug|Any CPU = Debug|Any CPU
		Release|Any CPU = Release|Any CPU
	EndGlobalSection
	GlobalSection(ProjectConfigurationPlatforms) = postSolution
		{FF306975-FD7D-4A5A-960C-FFE773490E0B}.Debug|Any CPU.ActiveCfg = Debug|Any CPU
		{FF306975-FD7D-4A5A-960C-FFE773490E0B}.Debug|Any CPU.Build.0 = Debug|Any CPU
		{FF306975-FD7D-4A5A-960C-FFE773490E0B}.Release|Any CPU.ActiveCfg = Release|Any CPU
		{FF306975-FD7D-4A5A-960C-FFE773490E0B}.Release|Any CPU.Build.0 = Release|Any CPU
		{22ACD003-BCA6-4D2A-867C-0C179C2590D2}.Debug|Any CPU.ActiveCfg = Debug|Any CPU
		{22ACD003-BCA6-4D2A-867C-0C179C2590D2}.Debug|Any CPU.Build.0 = Debug|Any CPU
		{22ACD003-BCA6-4D2A-867C-0C179C2590D2}.Release|Any CPU.ActiveCfg = Release|Any CPU
		{22ACD003-BCA6-4D2A-867C-0C179C2590D2}.Release|Any CPU.Build.0 = Release|Any CPU
		{BE3F649D-A07C-4814-ABA3-36780083D0FD}.Debug|Any CPU.ActiveCfg = Debug|Any CPU
		{BE3F649D-A07C-4814-ABA3-36780083D0FD}.Debug|Any CPU.Build.0 = Debug|Any CPU
		{BE3F649D-A07C-4814-ABA3-36780083D0FD}.Release|Any CPU.ActiveCfg = Release|Any CPU
		{BE3F649D-A07C-4814-ABA3-36780083D0FD}.Release|Any CPU.Build.0 = Release|Any CPU
	EndGlobalSection
	GlobalSection(SolutionProperties) = preSolution
		HideSolutionNode = FALSE
	EndGlobalSection
	GlobalSection(ExtensibilityGlobals) = postSolution
		SolutionGuid = {17C9C80D-02ED-429D-B8C7-5AF9B97967B8}
	EndGlobalSection
EndGlobal
